PODS:
  - EFCountingLabel (5.1.1)
  - RxCocoa (4.5.0):
    - RxSwift (>= 4.4.2, ~> 4.4)
  - RxSwift (4.5.0)

DEPENDENCIES:
  - EFCountingLabel
  - RxCocoa
  - RxSwift

SPEC REPOS:
  trunk:
    - EFCountingLabel
    - RxCocoa
    - RxSwift

SPEC CHECKSUMS:
  EFCountingLabel: 605358591a67a3c92feb7ec32486bfab4a30e2c9
  RxCocoa: cbf70265dc65a981d4ac982e513c10cf23df24a0
  RxSwift: f172070dfd1a93d70a9ab97a5a01166206e1c575

PODFILE CHECKSUM: 6f65ae248962e3b9028c9789f7e6d41ddced7ebb

COCOAPODS: 1.8.3
